
Microsoft Visual Studio Solution File, Format Version 12.00
# Visual Studio Version 17
VisualStudioVersion = 17.13.35825.156 d17.13
MinimumVisualStudioVersion = 10.0.40219.1
Project("{FAE04EC0-301F-11D3-BF4B-00C04F79EFBC}") = "eyetuitive.NET_SampleClient", "eyetuitive.NET_SampleClient\eyetuitive.NET_SampleClient.csproj", "{5DC2C71D-94BF-4A0D-9134-9C386B682656}"
EndProject
Global
	GlobalSection(SolutionConfigurationPlatforms) = preSolution
		Debug|Any CPU = Debug|Any CPU
		Release|Any CPU = Release|Any CPU
	EndGlobalSection
	GlobalSection(ProjectConfigurationPlatforms) = postSolution
		{5DC2C71D-94BF-4A0D-9134-9C386B682656}.Debug|Any CPU.ActiveCfg = Debug|Any CPU
		{5DC2C71D-94BF-4A0D-9134-9C386B682656}.Debug|Any CPU.Build.0 = Debug|Any CPU
		{5DC2C71D-94BF-4A0D-9134-9C386B682656}.Release|Any CPU.ActiveCfg = Release|Any CPU
		{5DC2C71D-94BF-4A0D-9134-9C386B682656}.Release|Any CPU.Build.0 = Release|Any CPU
	EndGlobalSection
	GlobalSection(SolutionProperties) = preSolution
		HideSolutionNode = FALSE
	EndGlobalSection
	GlobalSection(ExtensibilityGlobals) = postSolution
		SolutionGuid = {481E2B7F-6908-4107-B1C7-86D92F2C2075}
	EndGlobalSection
EndGlobal
